<?xml version="1.0" encoding="utf-8"?>
<Project ToolsVersion="4.0" xmlns="http://schemas.microsoft.com/developer/msbuild/2003">
  <ItemGroup>
    <Filter Include="Source Files">
      <UniqueIdentifier>{4FC737F1-C7A5-4376-A066-2A32D752A2FF}</UniqueIdentifier>
      <Extensions>cpp;c;cc;cxx;c++;def;odl;idl;hpj;bat;asm;asmx</Extensions>
    </Filter>
    <Filter Include="Header Files">
      <UniqueIdentifier>{93995380-89BD-4b04-88EB-625FBE52EBFB}</UniqueIdentifier>
      <Extensions>h;hh;hpp;hxx;h++;hm;inl;inc;ipp;xsd</Extensions>
    </Filter>
    <Filter Include="Resource Files">
      <UniqueIdentifier>{67DA6AB6-F800-4c08-8B7A-83BB121AAD01}</UniqueIdentifier>
      <Extensions>rc;ico;cur;bmp;dlg;rc2;rct;bin;rgs;gif;jpg;jpeg;jpe;resx;tiff;tif;png;wav;mfcribbon-ms</Extensions>
    </Filter>
    <Filter Include="Header Files\math">
      <UniqueIdentifier>{6e2ff15a-8557-42af-bd4e-e8ec5f891fb3}</UniqueIdentifier>
    </Filter>
    <Filter Include="Header Files\opengl">
      <UniqueIdentifier>{8db16f50-5618-40c4-8f0f-91738863abf9}</UniqueIdentifier>
    </Filter>
    <Filter Include="Source Files\opengl">
      <UniqueIdentifier>{86a102cb-bd47-4014-8245-70d701c32ce6}</UniqueIdentifier>
    </Filter>
    <Filter Include="Source Files\math">
      <UniqueIdentifier>{31189841-5f5d-444c-859f-c00b8af8447c}</UniqueIdentifier>
    </Filter>
    <Filter Include="Source Files\render">
      <UniqueIdentifier>{03cf493e-8a55-4b18-81da-a39284f0852e}</UniqueIdentifier>
    </Filter>
    <Filter Include="Header Files\render">
      <UniqueIdentifier>{1caf9000-b684-4977-9e5c-53d7d02cbac6}</UniqueIdentifier>
    </Filter>
    <Filter Include="Header Files\animation">
      <UniqueIdentifier>{69f7c3f6-addf-44c8-b199-bf170a7da98c}</UniqueIdentifier>
    </Filter>
    <Filter Include="Source Files\animation">
      <UniqueIdentifier>{3f36a8b5-6ea8-40e9-8358-170f82a9e0e7}</UniqueIdentifier>
    </Filter>
    <Filter Include="Source Files\imgui">
      <UniqueIdentifier>{6d82f366-b7e9-47dc-a1b1-f8e8a2d627af}</UniqueIdentifier>
    </Filter>
    <Filter Include="Header Files\imgui">
      <UniqueIdentifier>{9eae4f51-962b-41a6-8663-a0ca47d8456d}</UniqueIdentifier>
    </Filter>
  </ItemGroup>
  <ItemGroup>
    <ClInclude Include="include\Application.h">
      <Filter>Header Files</Filter>
    </ClInclude>
    <ClInclude Include="include\glad\glad.h">
      <Filter>Header Files\opengl</Filter>
    </ClInclude>
    <ClInclude Include="include\KHR\khrplatform.h">
      <Filter>Header Files\opengl</Filter>
    </ClInclude>
    <ClInclude Include="include\math\mat4.h">
      <Filter>Header Files\math</Filter>
    </ClInclude>
    <ClInclude Include="include\math\vec2.h">
      <Filter>Header Files\math</Filter>
    </ClInclude>
    <ClInclude Include="include\math\vec3.h">
      <Filter>Header Files\math</Filter>
    </ClInclude>
    <ClInclude Include="include\math\vec4.h">
      <Filter>Header Files\math</Filter>
    </ClInclude>
    <ClInclude Include="include\math\quat.h">
      <Filter>Header Files\math</Filter>
    </ClInclude>
    <ClInclude Include="include\math\Transform.h">
      <Filter>Header Files\math</Filter>
    </ClInclude>
    <ClInclude Include="include\render\Shader.h">
      <Filter>Header Files\render</Filter>
    </ClInclude>
    <ClInclude Include="include\render\Attribute.h">
      <Filter>Header Files\render</Filter>
    </ClInclude>
    <ClInclude Include="include\render\Uniform.h">
      <Filter>Header Files\render</Filter>
    </ClInclude>
    <ClInclude Include="include\render\IndexBuffer.h">
      <Filter>Header Files\render</Filter>
    </ClInclude>
    <ClInclude Include="include\render\Draw.h">
      <Filter>Header Files\render</Filter>
    </ClInclude>
    <ClInclude Include="include\render\stb_image.h">
      <Filter>Header Files\render</Filter>
    </ClInclude>
    <ClInclude Include="include\render\Texture.h">
      <Filter>Header Files\render</Filter>
    </ClInclude>
    <ClInclude Include="include\animation\cgltf.h">
      <Filter>Header Files\animation</Filter>
    </ClInclude>
    <ClInclude Include="include\animation\GLTFLoader.h">
      <Filter>Header Files\animation</Filter>
    </ClInclude>
    <ClInclude Include="include\animation\Curves.h">
      <Filter>Header Files\animation</Filter>
    </ClInclude>
    <ClInclude Include="include\animation\Interpolation.h">
      <Filter>Header Files\animation</Filter>
    </ClInclude>
    <ClInclude Include="include\animation\Frame.h">
      <Filter>Header Files\animation</Filter>
    </ClInclude>
    <ClInclude Include="include\animation\Track.h">
      <Filter>Header Files\animation</Filter>
    </ClInclude>
    <ClInclude Include="include\animation\TransformTrack.h">
      <Filter>Header Files\animation</Filter>
    </ClInclude>
    <ClInclude Include="include\render\DebugDraw.h">
      <Filter>Header Files\render</Filter>
    </ClInclude>
    <ClInclude Include="include\SampleTextureRender.h">
      <Filter>Header Files</Filter>
    </ClInclude>
    <ClInclude Include="include\SampleTracks.h">
      <Filter>Header Files</Filter>
    </ClInclude>
    <ClInclude Include="include\animation\Pose.h">
      <Filter>Header Files\animation</Filter>
    </ClInclude>
    <ClInclude Include="include\animation\Clip.h">
      <Filter>Header Files\animation</Filter>
    </ClInclude>
    <ClInclude Include="include\SampleRestPose.h">
      <Filter>Header Files</Filter>
    </ClInclude>
    <ClInclude Include="include\animation\Skeleton.h">
      <Filter>Header Files\animation</Filter>
    </ClInclude>
    <ClInclude Include="include\render\Mesh.h">
      <Filter>Header Files\render</Filter>
    </ClInclude>
    <ClInclude Include="include\SampleMeshLoading.h">
      <Filter>Header Files</Filter>
    </ClInclude>
    <ClInclude Include="include\SampleBindPose.h">
      <Filter>Header Files</Filter>
    </ClInclude>
    <ClInclude Include="include\math\Utils.h">
      <Filter>Header Files\math</Filter>
    </ClInclude>
    <ClInclude Include="include\animation\miniz.h">
      <Filter>Header Files\animation</Filter>
    </ClInclude>
    <ClInclude Include="include\animation\ofbx.h">
      <Filter>Header Files\animation</Filter>
    </ClInclude>
    <ClInclude Include="include\animation\FbxLoader.h">
      <Filter>Header Files\animation</Filter>
    </ClInclude>
    <ClInclude Include="include\imgui\imconfig.h">
      <Filter>Header Files\imgui</Filter>
    </ClInclude>
    <ClInclude Include="include\imgui\imgui.h">
      <Filter>Header Files\imgui</Filter>
    </ClInclude>
    <ClInclude Include="include\imgui\imgui_impl_opengl3.h">
      <Filter>Header Files\imgui</Filter>
    </ClInclude>
    <ClInclude Include="include\imgui\imgui_internal.h">
      <Filter>Header Files\imgui</Filter>
    </ClInclude>
    <ClInclude Include="include\imgui\imstb_rectpack.h">
      <Filter>Header Files\imgui</Filter>
    </ClInclude>
    <ClInclude Include="include\imgui\imstb_textedit.h">
      <Filter>Header Files\imgui</Filter>
    </ClInclude>
    <ClInclude Include="include\imgui\imstb_truetype.h">
      <Filter>Header Files\imgui</Filter>
    </ClInclude>
    <ClInclude Include="include\imgui\imgui_impl_win32.h">
      <Filter>Header Files\imgui</Filter>
    </ClInclude>
  </ItemGroup>
  <ItemGroup>
    <ClCompile Include="src\WinMain.cpp">
      <Filter>Source Files</Filter>
    </ClCompile>
    <ClCompile Include="src\glad.c">
      <Filter>Source Files\opengl</Filter>
    </ClCompile>
    <ClCompile Include="src\math\vec3.cpp">
      <Filter>Source Files\math</Filter>
    </ClCompile>
    <ClCompile Include="include\math\quat.cpp">
      <Filter>Source Files\math</Filter>
    </ClCompile>
    <ClCompile Include="src\math\Transform.cpp">
      <Filter>Source Files\math</Filter>
    </ClCompile>
    <ClCompile Include="src\render\Shader.cpp">
      <Filter>Source Files\render</Filter>
    </ClCompile>
    <ClCompile Include="src\render\Attribute.cpp">
      <Filter>Source Files\render</Filter>
    </ClCompile>
    <ClCompile Include="src\render\Uniform.cpp">
      <Filter>Source Files\render</Filter>
    </ClCompile>
    <ClCompile Include="src\render\IndexBuffer.cpp">
      <Filter>Source Files\render</Filter>
    </ClCompile>
    <ClCompile Include="src\render\Draw.cpp">
      <Filter>Source Files\render</Filter>
    </ClCompile>
    <ClCompile Include="src\render\stb_image.cpp">
      <Filter>Source Files\render</Filter>
    </ClCompile>
    <ClCompile Include="src\render\Texture.cpp">
      <Filter>Source Files\render</Filter>
    </ClCompile>
    <ClCompile Include="src\animation\cgltf.c">
      <Filter>Source Files\animation</Filter>
    </ClCompile>
    <ClCompile Include="src\animation\GLTFLoader.cpp">
      <Filter>Source Files\animation</Filter>
    </ClCompile>
    <ClCompile Include="src\animation\Track.cpp">
      <Filter>Source Files\animation</Filter>
    </ClCompile>
    <ClCompile Include="src\animation\TransformTrack.cpp">
      <Filter>Source Files\animation</Filter>
    </ClCompile>
    <ClCompile Include="src\render\DebugDraw.cpp">
      <Filter>Source Files\render</Filter>
    </ClCompile>
    <ClCompile Include="src\SampleTextureRender.cpp">
      <Filter>Source Files</Filter>
    </ClCompile>
    <ClCompile Include="src\SampleTracks.cpp">
      <Filter>Source Files</Filter>
    </ClCompile>
    <ClCompile Include="src\animation\Pose.cpp">
      <Filter>Source Files\animation</Filter>
    </ClCompile>
    <ClCompile Include="src\animation\Clip.cpp">
      <Filter>Source Files\animation</Filter>
    </ClCompile>
    <ClCompile Include="src\SampleRestPose.cpp">
      <Filter>Source Files</Filter>
    </ClCompile>
    <ClCompile Include="src\animation\Skeleton.cpp">
      <Filter>Source Files\animation</Filter>
    </ClCompile>
    <ClCompile Include="src\render\Mesh.cpp">
      <Filter>Source Files\render</Filter>
    </ClCompile>
    <ClCompile Include="src\SampleMeshLoading.cpp">
      <Filter>Source Files</Filter>
    </ClCompile>
    <ClCompile Include="src\SampleBindPose.cpp">
      <Filter>Source Files</Filter>
    </ClCompile>
    <ClCompile Include="src\math\mat4.cpp">
      <Filter>Source Files\math</Filter>
    </ClCompile>
    <ClCompile Include="src\animation\miniz.c">
      <Filter>Source Files\animation</Filter>
    </ClCompile>
    <ClCompile Include="src\animation\ofbx.cpp">
      <Filter>Source Files\animation</Filter>
    </ClCompile>
    <ClCompile Include="src\imgui\imgui.cpp">
      <Filter>Source Files\imgui</Filter>
    </ClCompile>
    <ClCompile Include="src\imgui\imgui_demo.cpp">
      <Filter>Source Files\imgui</Filter>
    </ClCompile>
    <ClCompile Include="src\imgui\imgui_draw.cpp">
      <Filter>Source Files\imgui</Filter>
    </ClCompile>
    <ClCompile Include="src\imgui\imgui_impl_opengl3.cpp">
      <Filter>Source Files\imgui</Filter>
    </ClCompile>
    <ClCompile Include="src\imgui\imgui_tables.cpp">
      <Filter>Source Files\imgui</Filter>
    </ClCompile>
    <ClCompile Include="src\imgui\imgui_widgets.cpp">
      <Filter>Source Files\imgui</Filter>
    </ClCompile>
    <ClCompile Include="src\imgui\imgui_impl_win32.cpp">
      <Filter>Source Files\imgui</Filter>
    </ClCompile>
  </ItemGroup>
</Project>